
Microsoft Visual Studio Solution File, Format Version 12.00
# Visual Studio Version 17
VisualStudioVersion = 17.11.35327.3
MinimumVisualStudioVersion = 10.0.40219.1
Project("{FAE04EC0-301F-11D3-BF4B-00C04F79EFBC}") = "Lottery", "Lottery\Lottery.csproj", "{C435AC65-C56A-4E1F-A461-541E36DCCA77}"
EndProject
Global
	GlobalSection(SolutionConfigurationPlatforms) = preSolution
		Debug|Any CPU = Debug|Any CPU
		Release|Any CPU = Release|Any CPU
	EndGlobalSection
	GlobalSection(ProjectConfigurationPlatforms) = postSolution
		{C435AC65-C56A-4E1F-A461-541E36DCCA77}.Debug|Any CPU.ActiveCfg = Debug|Any CPU
		{C435AC65-C56A-4E1F-A461-541E36DCCA77}.Debug|Any CPU.Build.0 = Debug|Any CPU
		{C435AC65-C56A-4E1F-A461-541E36DCCA77}.Debug|Any CPU.Deploy.0 = Debug|Any CPU
		{C435AC65-C56A-4E1F-A461-541E36DCCA77}.Release|Any CPU.ActiveCfg = Release|Any CPU
		{C435AC65-C56A-4E1F-A461-541E36DCCA77}.Release|Any CPU.Build.0 = Release|Any CPU
		{C435AC65-C56A-4E1F-A461-541E36DCCA77}.Release|Any CPU.Deploy.0 = Release|Any CPU
	EndGlobalSection
	GlobalSection(SolutionProperties) = preSolution
		HideSolutionNode = FALSE
	EndGlobalSection
	GlobalSection(ExtensibilityGlobals) = postSolution
		SolutionGuid = {5A46BC65-F2C1-4B4B-BDF7-D164D02D6D1A}
	EndGlobalSection
EndGlobal
